{
  "requires": true,
  "lockfileVersion": 1,
  "dependencies": {
    "vue": {
      "version": "2.6.10",
      "resolved": "https://registry.npm.taobao.org/vue/download/vue-2.6.10.tgz",
      "integrity": "sha1-pysaQqTYKnIepDjRtr9V5mGVxjc="
    },
    "vue-google-adsense": {
      "version": "1.6.0",
      "resolved": "https://registry.npm.taobao.org/vue-google-adsense/download/vue-google-adsense-1.6.0.tgz",
      "integrity": "sha1-kI+kk97TZ+cSbVunQAa63bCuhuc=",
      "requires": {
        "vue": "^2.6.10",
        "vue-script2": "2.0.3"
      }
    },
    "vue-script2": {
      "version": "2.0.3",
      "resolved": "https://registry.npm.taobao.org/vue-script2/download/vue-script2-2.0.3.tgz",
      "integrity": "sha1-dKU6Ucxy7rDIk19A8BVZaKlKLXw="
    }
  }
}
